
Microsoft Visual Studio Solution File, Format Version 12.00
# Visual Studio Version 17
VisualStudioVersion = 17.13.35828.75 d17.13
MinimumVisualStudioVersion = 10.0.40219.1
Project("{FAE04EC0-301F-11D3-BF4B-00C04F79EFBC}") = "RecommendationAPI", "RecommendationAPI\RecommendationAPI.csproj", "{BA787976-317B-49A8-8044-BE1B0C0718B0}"
EndProject
Global
	GlobalSection(SolutionConfigurationPlatforms) = preSolution
		Debug|Any CPU = Debug|Any CPU
		Release|Any CPU = Release|Any CPU
	EndGlobalSection
	GlobalSection(ProjectConfigurationPlatforms) = postSolution
		{BA787976-317B-49A8-8044-BE1B0C0718B0}.Debug|Any CPU.ActiveCfg = Debug|Any CPU
		{BA787976-317B-49A8-8044-BE1B0C0718B0}.Debug|Any CPU.Build.0 = Debug|Any CPU
		{BA787976-317B-49A8-8044-BE1B0C0718B0}.Release|Any CPU.ActiveCfg = Release|Any CPU
		{BA787976-317B-49A8-8044-BE1B0C0718B0}.Release|Any CPU.Build.0 = Release|Any CPU
	EndGlobalSection
	GlobalSection(SolutionProperties) = preSolution
		HideSolutionNode = FALSE
	EndGlobalSection
	GlobalSection(ExtensibilityGlobals) = postSolution
		SolutionGuid = {F2A67B75-8E33-4BB2-9F38-0EB5066B32CD}
	EndGlobalSection
EndGlobal
